{
  "name": "test-app",
  "version": "0.0.1",
  "dependencies": {
    "express": {
      "version": "2.5.11",
      "dependencies": {
        "connect": {
          "version": "1.9.2",
          "dependencies": {
            "formidable": {
              "version": "1.0.11"
            }
          }
        },
        "mime": {
          "version": "1.2.4"
        },
        "qs": {
          "version": "0.4.2"
        },
        "mkdirp": {
          "version": "0.3.0"
        }
      }
    },
    "ejs": {
      "version": "0.8.3"
    },
    "underscore": {
      "version": "1.4.2"
    },
    "soap": {
      "version": "0.2.7",
      "dependencies": {
        "node-expat": {
          "version": "2.0.0"
        }
      }
    },
    "konphyg": {
      "version": "1.0.5"
    },
    "zombie": {
      "version": "2.0.0-alpha7",
      "dependencies": {
        "contextify": {
          "version": "0.1.3",
          "dependencies": {
            "bindings": {
              "version": "1.0.0"
            }
          }
        },
        "eventsource": {
          "version": "0.0.5"
        },
        "jsdom": {
          "version": "0.2.18",
          "dependencies": {
            "htmlparser": {
              "version": "1.7.6"
            },
            "cssom": {
              "version": "0.2.5"
            },
            "cssstyle": {
              "version": "0.2.3"
            }
          }
        },
        "mime": {
          "version": "1.2.7"
        },
        "ms": {
          "version": "0.3.0"
        },
        "q": {
          "version": "0.8.9"
        },
        "tough-cookie": {
          "version": "0.9.14",
          "dependencies": {
            "punycode": {
              "version": "1.2.0"
            }
          }
        },
        "ws": {
          "version": "0.4.22",
          "dependencies": {
            "commander": {
              "version": "0.6.1"
            },
            "tinycolor": {
              "version": "0.0.1"
            },
            "options": {
              "version": "0.0.3"
            }
          }
        }
      }
    },
    "mocha": {
      "version": "1.6.0",
      "dependencies": {
        "commander": {
          "version": "0.6.1"
        },
        "growl": {
          "version": "1.5.1"
        },
        "jade": {
          "version": "0.26.3",
          "dependencies": {
            "mkdirp": {
              "version": "0.3.0"
            }
          }
        },
        "diff": {
          "version": "1.0.2"
        },
        "debug": {
          "version": "0.7.0"
        },
        "mkdirp": {
          "version": "0.3.3"
        },
        "ms": {
          "version": "0.3.0"
        }
      }
    },
    "cucumber": {
      "version": "0.3.0",
      "dependencies": {
        "gherkin": {
          "version": "2.11.3"
        },
        "jasmine-node": {
          "version": "1.0.26",
          "dependencies": {
            "jasmine-reporters": {
              "version": "0.2.1"
            },
            "requirejs": {
              "version": "2.1.1"
            }
          }
        },
        "connect": {
          "version": "2.3.2",
          "dependencies": {
            "qs": {
              "version": "0.4.2"
            },
            "mime": {
              "version": "1.2.4"
            },
            "formidable": {
              "version": "1.0.9"
            },
            "crc": {
              "version": "0.2.0"
            },
            "cookie": {
              "version": "0.0.3"
            },
            "debug": {
              "version": "0.7.0"
            }
          }
        },
        "browserify": {
          "version": "1.15.5",
          "dependencies": {
            "detective": {
              "version": "0.2.1",
              "dependencies": {
                "esprima": {
                  "version": "0.9.9"
                }
              }
            },
            "buffer-browserify": {
              "version": "0.0.3",
              "dependencies": {
                "base64-js": {
                  "version": "0.0.2"
                }
              }
            },
            "deputy": {
              "version": "0.0.4"
            },
            "syntax-error": {
              "version": "0.0.0",
              "dependencies": {
                "esprima": {
                  "version": "0.9.9"
                }
              }
            },
            "resolve": {
              "version": "0.2.3"
            },
            "nub": {
              "version": "0.0.0"
            },
            "commondir": {
              "version": "0.0.1"
            },
            "optimist": {
              "version": "0.3.5",
              "dependencies": {
                "wordwrap": {
                  "version": "0.0.2"
                }
              }
            },
            "http-browserify": {
              "version": "0.1.3",
              "dependencies": {
                "concat-stream": {
                  "version": "0.0.8"
                }
              }
            },
            "vm-browserify": {
              "version": "0.0.1"
            },
            "crypto-browserify": {
              "version": "0.1.1"
            }
          }
        },
        "nopt": {
          "version": "1.0.10",
          "dependencies": {
            "abbrev": {
              "version": "1.0.3"
            }
          }
        },
        "underscore": {
          "version": "1.3.3"
        },
        "rimraf": {
          "version": "2.0.2",
          "dependencies": {
            "graceful-fs": {
              "version": "1.1.14"
            }
          }
        },
        "mkdirp": {
          "version": "0.3.3"
        },
        "cucumber-html": {
          "version": "0.2.0"
        },
        "walkdir": {
          "version": "0.0.4"
        },
        "coffee-script": {
          "version": "1.3.3"
        }
      }
    },
    "request": {
      "version": "2.11.4",
      "dependencies": {
        "form-data": {
          "version": "0.0.3",
          "dependencies": {
            "combined-stream": {
              "version": "0.0.3",
              "dependencies": {
                "delayed-stream": {
                  "version": "0.0.5"
                }
              }
            },
            "async": {
              "version": "0.1.9"
            }
          }
        },
        "mime": {
          "version": "1.2.7"
        }
      }
    },
    "html5": {
      "version": "0.3.8",
      "dependencies": {
        "jsdom": {
          "version": "0.2.18",
          "dependencies": {
            "htmlparser": {
              "version": "1.7.6"
            },
            "cssom": {
              "version": "0.2.5"
            },
            "cssstyle": {
              "version": "0.2.3"
            },
            "contextify": {
              "version": "0.1.3",
              "dependencies": {
                "bindings": {
                  "version": "1.0.0"
                }
              }
            }
          }
        },
        "opts": {
          "version": "1.2.2"
        },
        "tap": {
          "version": "0.1.4",
          "dependencies": {
            "inherits": {
              "version": "1.0.0"
            },
            "yamlish": {
              "version": "0.0.2"
            },
            "slide": {
              "version": "1.1.3"
            },
            "runforcover": {
              "version": "0.0.2",
              "dependencies": {
                "bunker": {
                  "version": "0.1.2",
                  "dependencies": {
                    "burrito": {
                      "version": "0.2.12",
                      "dependencies": {
                        "traverse": {
                          "version": "0.5.2"
                        },
                        "uglify-js": {
                          "version": "1.1.1"
                        }
                      }
                    }
                  }
                }
              }
            }
          }
        },
        "bench": {
          "version": "0.3.4"
        },
        "async": {
          "version": "0.1.22"
        }
      }
    }
  }
}
